
Microsoft Visual Studio Solution File, Format Version 12.00
# Visual Studio Version 17
VisualStudioVersion = 17.8.34309.116
MinimumVisualStudioVersion = 10.0.40219.1
Project("{FAE04EC0-301F-11D3-BF4B-00C04F79EFBC}") = "BTRS", "BTRS\BTRS.csproj", "{E22E0EA0-D831-42D2-A823-45F61E71A0CF}"
EndProject
Global
	GlobalSection(SolutionConfigurationPlatforms) = preSolution
		Debug|Any CPU = Debug|Any CPU
		Release|Any CPU = Release|Any CPU
	EndGlobalSection
	GlobalSection(ProjectConfigurationPlatforms) = postSolution
		{E22E0EA0-D831-42D2-A823-45F61E71A0CF}.Debug|Any CPU.ActiveCfg = Debug|Any CPU
		{E22E0EA0-D831-42D2-A823-45F61E71A0CF}.Debug|Any CPU.Build.0 = Debug|Any CPU
		{E22E0EA0-D831-42D2-A823-45F61E71A0CF}.Release|Any CPU.ActiveCfg = Release|Any CPU
		{E22E0EA0-D831-42D2-A823-45F61E71A0CF}.Release|Any CPU.Build.0 = Release|Any CPU
	EndGlobalSection
	GlobalSection(SolutionProperties) = preSolution
		HideSolutionNode = FALSE
	EndGlobalSection
	GlobalSection(ExtensibilityGlobals) = postSolution
		SolutionGuid = {CCAB108D-5B1E-4F26-ABF1-47FBC080258B}
	EndGlobalSection
EndGlobal
